
Microsoft Visual Studio Solution File, Format Version 12.00
# Visual Studio Version 16
VisualStudioVersion = 16.0.34114.132
MinimumVisualStudioVersion = 10.0.40219.1
Project("{FAE04EC0-301F-11D3-BF4B-00C04F79EFBC}") = "Web_QuanLyDichVuXeKhach", "Web_QuanLyDichVuXeKhach\Web_QuanLyDichVuXeKhach.csproj", "{4E8DF3B3-DC5B-44B7-A6FD-FC3EA985F69A}"
EndProject
Global
	GlobalSection(SolutionConfigurationPlatforms) = preSolution
		Debug|Any CPU = Debug|Any CPU
		Release|Any CPU = Release|Any CPU
	EndGlobalSection
	GlobalSection(ProjectConfigurationPlatforms) = postSolution
		{4E8DF3B3-DC5B-44B7-A6FD-FC3EA985F69A}.Debug|Any CPU.ActiveCfg = Debug|Any CPU
		{4E8DF3B3-DC5B-44B7-A6FD-FC3EA985F69A}.Debug|Any CPU.Build.0 = Debug|Any CPU
		{4E8DF3B3-DC5B-44B7-A6FD-FC3EA985F69A}.Release|Any CPU.ActiveCfg = Release|Any CPU
		{4E8DF3B3-DC5B-44B7-A6FD-FC3EA985F69A}.Release|Any CPU.Build.0 = Release|Any CPU
	EndGlobalSection
	GlobalSection(SolutionProperties) = preSolution
		HideSolutionNode = FALSE
	EndGlobalSection
	GlobalSection(ExtensibilityGlobals) = postSolution
		SolutionGuid = {CC334E4B-0CDD-4CB2-A1FD-B762011F09A7}
	EndGlobalSection
EndGlobal
